
Microsoft Visual Studio Solution File, Format Version 12.00
Project("{2150E333-8FDC-42A3-9474-1A3956D46DE8}") = "src", "src", "{9B785318-2D69-4C12-BD4F-12FD7D517C80}"
EndProject
Project("{2150E333-8FDC-42A3-9474-1A3956D46DE8}") = "TratamentoDeExceções", "TratamentoDeExceções", "{EFFFCC5C-7733-4F75-957C-42AAB4B9C842}"
EndProject
Project("{FAE04EC0-301F-11D3-BF4B-00C04F79EFBC}") = "TryCatch", "TryCatch\TryCatch.csproj", "{00546A6C-B602-44BC-A1F1-61BC9D233FE1}"
EndProject
Project("{FAE04EC0-301F-11D3-BF4B-00C04F79EFBC}") = "BlocoFinally", "BlocoFinally\BlocoFinally.csproj", "{BA138496-47A2-4012-A54A-D9E58EF49BE8}"
EndProject
Project("{FAE04EC0-301F-11D3-BF4B-00C04F79EFBC}") = "ProblemasPersonalizados", "ProblemasPersonalizados\ProblemasPersonalizados.csproj", "{13832798-B05D-4264-9855-B5F4181FC295}"
EndProject
Project("{2150E333-8FDC-42A3-9474-1A3956D46DE8}") = "TrabalhandoComArquivos", "TrabalhandoComArquivos", "{EAA6CA77-4F83-47F4-BA67-AB0749E99DAB}"
EndProject
Project("{FAE04EC0-301F-11D3-BF4B-00C04F79EFBC}") = "Files", "Files\Files.csproj", "{BDACA59C-3FB5-4D51-8169-56BB566D7C75}"
EndProject
Project("{FAE04EC0-301F-11D3-BF4B-00C04F79EFBC}") = "Streams", "Streams\Streams.csproj", "{88102064-02B4-4B93-83B1-4A7A83B4A706}"
EndProject
Project("{FAE04EC0-301F-11D3-BF4B-00C04F79EFBC}") = "UsingBlock", "UsingBlock\UsingBlock.csproj", "{97A1F423-312C-4A4D-92DC-49352D63A24A}"
EndProject
Project("{FAE04EC0-301F-11D3-BF4B-00C04F79EFBC}") = "StreamWriter", "StreamWriter\StreamWriter.csproj", "{D694B07C-0E3C-4662-B247-A3E643C1686B}"
EndProject
Project("{2150E333-8FDC-42A3-9474-1A3956D46DE8}") = "Seção 11", "Seção 11", "{C1A25D85-14D9-4CA6-9F68-E7BB8AD54550}"
EndProject
Project("{2150E333-8FDC-42A3-9474-1A3956D46DE8}") = "Seção 13", "Seção 13", "{A455E54B-EE01-4E92-B1E8-9485D4823B56}"
EndProject
Project("{FAE04EC0-301F-11D3-BF4B-00C04F79EFBC}") = "Directory", "Directory\Directory.csproj", "{43EA11DC-F326-487E-A134-3D1A05ACB709}"
EndProject
Project("{FAE04EC0-301F-11D3-BF4B-00C04F79EFBC}") = "Path", "Path\Path.csproj", "{C33AA554-3075-435B-B350-937D3BFD72B3}"
EndProject
Project("{FAE04EC0-301F-11D3-BF4B-00C04F79EFBC}") = "ExericicioProposto", "ExericicioProposto\ExericicioProposto.csproj", "{365BD750-F3AA-43FE-9CC8-2C2907430485}"
EndProject
Project("{2150E333-8FDC-42A3-9474-1A3956D46DE8}") = "Seção 14", "Seção 14", "{AEB88578-5865-4059-AF1F-689E310271D6}"
EndProject
Project("{2150E333-8FDC-42A3-9474-1A3956D46DE8}") = "Interfaces", "Interfaces", "{A59FC19B-5A85-435F-9D9B-8F1F1BEF9C8D}"
EndProject
Project("{FAE04EC0-301F-11D3-BF4B-00C04F79EFBC}") = "Interfaces", "Interfaces\Interfaces.csproj", "{191AE854-2419-4773-A0CA-ECC54AF5A297}"
EndProject
Project("{2150E333-8FDC-42A3-9474-1A3956D46DE8}") = "Seção 15", "Seção 15", "{7220AE89-BDF1-4CA9-A14F-5CEAE41F1630}"
EndProject
Project("{2150E333-8FDC-42A3-9474-1A3956D46DE8}") = "Generics", "Generics", "{55CB15A1-9D26-4570-A1B1-4463F828D8B0}"
EndProject
Project("{FAE04EC0-301F-11D3-BF4B-00C04F79EFBC}") = "Generics", "Generics\Generics.csproj", "{C879FD89-45B8-427B-B9C5-026E95422E0C}"
EndProject
Project("{FAE04EC0-301F-11D3-BF4B-00C04F79EFBC}") = "RetricoesGenerics", "RetricoesGenerics\RetricoesGenerics.csproj", "{0A3BCD51-7B6C-4DB2-92CC-489BFB450D97}"
EndProject
Project("{FAE04EC0-301F-11D3-BF4B-00C04F79EFBC}") = "ExercicioResolvido", "ExercicioResolvido\ExercicioResolvido.csproj", "{E20AE147-89B0-4255-AB9B-498F8C9ECD04}"
EndProject
Project("{FAE04EC0-301F-11D3-BF4B-00C04F79EFBC}") = "Dictionary", "Dictionary\Dictionary.csproj", "{C7F61D23-7A1B-48F6-9BF6-DBFEBA17C2F5}"
EndProject
Project("{2150E333-8FDC-42A3-9474-1A3956D46DE8}") = "Seção 16", "Seção 16", "{DA639B82-F151-4708-942E-E5BF4D8ACE40}"
EndProject
Project("{2150E333-8FDC-42A3-9474-1A3956D46DE8}") = "TopicosEspeciais", "TopicosEspeciais", "{41FC47E4-06BA-42A6-B8D4-CA7644A01F91}"
EndProject
Project("{FAE04EC0-301F-11D3-BF4B-00C04F79EFBC}") = "ExtensionMethods", "ExtensionMethods\ExtensionMethods.csproj", "{85EBF545-3918-4B43-8E7E-B296C74C2D36}"
EndProject
Global
	GlobalSection(SolutionConfigurationPlatforms) = preSolution
		Debug|Any CPU = Debug|Any CPU
		Release|Any CPU = Release|Any CPU
	EndGlobalSection
	GlobalSection(NestedProjects) = preSolution
		{00546A6C-B602-44BC-A1F1-61BC9D233FE1} = {EFFFCC5C-7733-4F75-957C-42AAB4B9C842}
		{BA138496-47A2-4012-A54A-D9E58EF49BE8} = {EFFFCC5C-7733-4F75-957C-42AAB4B9C842}
		{13832798-B05D-4264-9855-B5F4181FC295} = {EFFFCC5C-7733-4F75-957C-42AAB4B9C842}
		{BDACA59C-3FB5-4D51-8169-56BB566D7C75} = {EAA6CA77-4F83-47F4-BA67-AB0749E99DAB}
		{88102064-02B4-4B93-83B1-4A7A83B4A706} = {EAA6CA77-4F83-47F4-BA67-AB0749E99DAB}
		{97A1F423-312C-4A4D-92DC-49352D63A24A} = {EAA6CA77-4F83-47F4-BA67-AB0749E99DAB}
		{D694B07C-0E3C-4662-B247-A3E643C1686B} = {EAA6CA77-4F83-47F4-BA67-AB0749E99DAB}
		{C1A25D85-14D9-4CA6-9F68-E7BB8AD54550} = {9B785318-2D69-4C12-BD4F-12FD7D517C80}
		{EFFFCC5C-7733-4F75-957C-42AAB4B9C842} = {C1A25D85-14D9-4CA6-9F68-E7BB8AD54550}
		{A455E54B-EE01-4E92-B1E8-9485D4823B56} = {9B785318-2D69-4C12-BD4F-12FD7D517C80}
		{EAA6CA77-4F83-47F4-BA67-AB0749E99DAB} = {A455E54B-EE01-4E92-B1E8-9485D4823B56}
		{43EA11DC-F326-487E-A134-3D1A05ACB709} = {EAA6CA77-4F83-47F4-BA67-AB0749E99DAB}
		{C33AA554-3075-435B-B350-937D3BFD72B3} = {EAA6CA77-4F83-47F4-BA67-AB0749E99DAB}
		{365BD750-F3AA-43FE-9CC8-2C2907430485} = {EAA6CA77-4F83-47F4-BA67-AB0749E99DAB}
		{AEB88578-5865-4059-AF1F-689E310271D6} = {9B785318-2D69-4C12-BD4F-12FD7D517C80}
		{A59FC19B-5A85-435F-9D9B-8F1F1BEF9C8D} = {AEB88578-5865-4059-AF1F-689E310271D6}
		{191AE854-2419-4773-A0CA-ECC54AF5A297} = {A59FC19B-5A85-435F-9D9B-8F1F1BEF9C8D}
		{7220AE89-BDF1-4CA9-A14F-5CEAE41F1630} = {9B785318-2D69-4C12-BD4F-12FD7D517C80}
		{55CB15A1-9D26-4570-A1B1-4463F828D8B0} = {7220AE89-BDF1-4CA9-A14F-5CEAE41F1630}
		{C879FD89-45B8-427B-B9C5-026E95422E0C} = {55CB15A1-9D26-4570-A1B1-4463F828D8B0}
		{0A3BCD51-7B6C-4DB2-92CC-489BFB450D97} = {55CB15A1-9D26-4570-A1B1-4463F828D8B0}
		{E20AE147-89B0-4255-AB9B-498F8C9ECD04} = {55CB15A1-9D26-4570-A1B1-4463F828D8B0}
		{C7F61D23-7A1B-48F6-9BF6-DBFEBA17C2F5} = {55CB15A1-9D26-4570-A1B1-4463F828D8B0}
		{DA639B82-F151-4708-942E-E5BF4D8ACE40} = {9B785318-2D69-4C12-BD4F-12FD7D517C80}
		{41FC47E4-06BA-42A6-B8D4-CA7644A01F91} = {DA639B82-F151-4708-942E-E5BF4D8ACE40}
		{85EBF545-3918-4B43-8E7E-B296C74C2D36} = {41FC47E4-06BA-42A6-B8D4-CA7644A01F91}
	EndGlobalSection
	GlobalSection(ProjectConfigurationPlatforms) = postSolution
		{00546A6C-B602-44BC-A1F1-61BC9D233FE1}.Debug|Any CPU.ActiveCfg = Debug|Any CPU
		{00546A6C-B602-44BC-A1F1-61BC9D233FE1}.Debug|Any CPU.Build.0 = Debug|Any CPU
		{00546A6C-B602-44BC-A1F1-61BC9D233FE1}.Release|Any CPU.ActiveCfg = Release|Any CPU
		{00546A6C-B602-44BC-A1F1-61BC9D233FE1}.Release|Any CPU.Build.0 = Release|Any CPU
		{BA138496-47A2-4012-A54A-D9E58EF49BE8}.Debug|Any CPU.ActiveCfg = Debug|Any CPU
		{BA138496-47A2-4012-A54A-D9E58EF49BE8}.Debug|Any CPU.Build.0 = Debug|Any CPU
		{BA138496-47A2-4012-A54A-D9E58EF49BE8}.Release|Any CPU.ActiveCfg = Release|Any CPU
		{BA138496-47A2-4012-A54A-D9E58EF49BE8}.Release|Any CPU.Build.0 = Release|Any CPU
		{13832798-B05D-4264-9855-B5F4181FC295}.Debug|Any CPU.ActiveCfg = Debug|Any CPU
		{13832798-B05D-4264-9855-B5F4181FC295}.Debug|Any CPU.Build.0 = Debug|Any CPU
		{13832798-B05D-4264-9855-B5F4181FC295}.Release|Any CPU.ActiveCfg = Release|Any CPU
		{13832798-B05D-4264-9855-B5F4181FC295}.Release|Any CPU.Build.0 = Release|Any CPU
		{BDACA59C-3FB5-4D51-8169-56BB566D7C75}.Debug|Any CPU.ActiveCfg = Debug|Any CPU
		{BDACA59C-3FB5-4D51-8169-56BB566D7C75}.Debug|Any CPU.Build.0 = Debug|Any CPU
		{BDACA59C-3FB5-4D51-8169-56BB566D7C75}.Release|Any CPU.ActiveCfg = Release|Any CPU
		{BDACA59C-3FB5-4D51-8169-56BB566D7C75}.Release|Any CPU.Build.0 = Release|Any CPU
		{88102064-02B4-4B93-83B1-4A7A83B4A706}.Debug|Any CPU.ActiveCfg = Debug|Any CPU
		{88102064-02B4-4B93-83B1-4A7A83B4A706}.Debug|Any CPU.Build.0 = Debug|Any CPU
		{88102064-02B4-4B93-83B1-4A7A83B4A706}.Release|Any CPU.ActiveCfg = Release|Any CPU
		{88102064-02B4-4B93-83B1-4A7A83B4A706}.Release|Any CPU.Build.0 = Release|Any CPU
		{97A1F423-312C-4A4D-92DC-49352D63A24A}.Debug|Any CPU.ActiveCfg = Debug|Any CPU
		{97A1F423-312C-4A4D-92DC-49352D63A24A}.Debug|Any CPU.Build.0 = Debug|Any CPU
		{97A1F423-312C-4A4D-92DC-49352D63A24A}.Release|Any CPU.ActiveCfg = Release|Any CPU
		{97A1F423-312C-4A4D-92DC-49352D63A24A}.Release|Any CPU.Build.0 = Release|Any CPU
		{D694B07C-0E3C-4662-B247-A3E643C1686B}.Debug|Any CPU.ActiveCfg = Debug|Any CPU
		{D694B07C-0E3C-4662-B247-A3E643C1686B}.Debug|Any CPU.Build.0 = Debug|Any CPU
		{D694B07C-0E3C-4662-B247-A3E643C1686B}.Release|Any CPU.ActiveCfg = Release|Any CPU
		{D694B07C-0E3C-4662-B247-A3E643C1686B}.Release|Any CPU.Build.0 = Release|Any CPU
		{43EA11DC-F326-487E-A134-3D1A05ACB709}.Debug|Any CPU.ActiveCfg = Debug|Any CPU
		{43EA11DC-F326-487E-A134-3D1A05ACB709}.Debug|Any CPU.Build.0 = Debug|Any CPU
		{43EA11DC-F326-487E-A134-3D1A05ACB709}.Release|Any CPU.ActiveCfg = Release|Any CPU
		{43EA11DC-F326-487E-A134-3D1A05ACB709}.Release|Any CPU.Build.0 = Release|Any CPU
		{C33AA554-3075-435B-B350-937D3BFD72B3}.Debug|Any CPU.ActiveCfg = Debug|Any CPU
		{C33AA554-3075-435B-B350-937D3BFD72B3}.Debug|Any CPU.Build.0 = Debug|Any CPU
		{C33AA554-3075-435B-B350-937D3BFD72B3}.Release|Any CPU.ActiveCfg = Release|Any CPU
		{C33AA554-3075-435B-B350-937D3BFD72B3}.Release|Any CPU.Build.0 = Release|Any CPU
		{365BD750-F3AA-43FE-9CC8-2C2907430485}.Debug|Any CPU.ActiveCfg = Debug|Any CPU
		{365BD750-F3AA-43FE-9CC8-2C2907430485}.Debug|Any CPU.Build.0 = Debug|Any CPU
		{365BD750-F3AA-43FE-9CC8-2C2907430485}.Release|Any CPU.ActiveCfg = Release|Any CPU
		{365BD750-F3AA-43FE-9CC8-2C2907430485}.Release|Any CPU.Build.0 = Release|Any CPU
		{191AE854-2419-4773-A0CA-ECC54AF5A297}.Debug|Any CPU.ActiveCfg = Debug|Any CPU
		{191AE854-2419-4773-A0CA-ECC54AF5A297}.Debug|Any CPU.Build.0 = Debug|Any CPU
		{191AE854-2419-4773-A0CA-ECC54AF5A297}.Release|Any CPU.ActiveCfg = Release|Any CPU
		{191AE854-2419-4773-A0CA-ECC54AF5A297}.Release|Any CPU.Build.0 = Release|Any CPU
		{C879FD89-45B8-427B-B9C5-026E95422E0C}.Debug|Any CPU.ActiveCfg = Debug|Any CPU
		{C879FD89-45B8-427B-B9C5-026E95422E0C}.Debug|Any CPU.Build.0 = Debug|Any CPU
		{C879FD89-45B8-427B-B9C5-026E95422E0C}.Release|Any CPU.ActiveCfg = Release|Any CPU
		{C879FD89-45B8-427B-B9C5-026E95422E0C}.Release|Any CPU.Build.0 = Release|Any CPU
		{0A3BCD51-7B6C-4DB2-92CC-489BFB450D97}.Debug|Any CPU.ActiveCfg = Debug|Any CPU
		{0A3BCD51-7B6C-4DB2-92CC-489BFB450D97}.Debug|Any CPU.Build.0 = Debug|Any CPU
		{0A3BCD51-7B6C-4DB2-92CC-489BFB450D97}.Release|Any CPU.ActiveCfg = Release|Any CPU
		{0A3BCD51-7B6C-4DB2-92CC-489BFB450D97}.Release|Any CPU.Build.0 = Release|Any CPU
		{E20AE147-89B0-4255-AB9B-498F8C9ECD04}.Debug|Any CPU.ActiveCfg = Debug|Any CPU
		{E20AE147-89B0-4255-AB9B-498F8C9ECD04}.Debug|Any CPU.Build.0 = Debug|Any CPU
		{E20AE147-89B0-4255-AB9B-498F8C9ECD04}.Release|Any CPU.ActiveCfg = Release|Any CPU
		{E20AE147-89B0-4255-AB9B-498F8C9ECD04}.Release|Any CPU.Build.0 = Release|Any CPU
		{C7F61D23-7A1B-48F6-9BF6-DBFEBA17C2F5}.Debug|Any CPU.ActiveCfg = Debug|Any CPU
		{C7F61D23-7A1B-48F6-9BF6-DBFEBA17C2F5}.Debug|Any CPU.Build.0 = Debug|Any CPU
		{C7F61D23-7A1B-48F6-9BF6-DBFEBA17C2F5}.Release|Any CPU.ActiveCfg = Release|Any CPU
		{C7F61D23-7A1B-48F6-9BF6-DBFEBA17C2F5}.Release|Any CPU.Build.0 = Release|Any CPU
		{85EBF545-3918-4B43-8E7E-B296C74C2D36}.Debug|Any CPU.ActiveCfg = Debug|Any CPU
		{85EBF545-3918-4B43-8E7E-B296C74C2D36}.Debug|Any CPU.Build.0 = Debug|Any CPU
		{85EBF545-3918-4B43-8E7E-B296C74C2D36}.Release|Any CPU.ActiveCfg = Release|Any CPU
		{85EBF545-3918-4B43-8E7E-B296C74C2D36}.Release|Any CPU.Build.0 = Release|Any CPU
	EndGlobalSection
EndGlobal
